
Microsoft Visual Studio Solution File, Format Version 12.00
# Visual Studio Version 17
VisualStudioVersion = 17.3.32929.385
MinimumVisualStudioVersion = 10.0.40219.1
Project("{9A19103F-16F7-4668-BE54-9A1E7A4F7556}") = "LocationApiBackEnd", "WebApplication2\LocationApiBackEnd.csproj", "{61011780-E7D3-4BE9-B874-8AF56BAC0F50}"
EndProject
Global
	GlobalSection(SolutionConfigurationPlatforms) = preSolution
		Debug|Any CPU = Debug|Any CPU
		Release|Any CPU = Release|Any CPU
	EndGlobalSection
	GlobalSection(ProjectConfigurationPlatforms) = postSolution
		{61011780-E7D3-4BE9-B874-8AF56BAC0F50}.Debug|Any CPU.ActiveCfg = Debug|Any CPU
		{61011780-E7D3-4BE9-B874-8AF56BAC0F50}.Debug|Any CPU.Build.0 = Debug|Any CPU
		{61011780-E7D3-4BE9-B874-8AF56BAC0F50}.Release|Any CPU.ActiveCfg = Release|Any CPU
		{61011780-E7D3-4BE9-B874-8AF56BAC0F50}.Release|Any CPU.Build.0 = Release|Any CPU
	EndGlobalSection
	GlobalSection(SolutionProperties) = preSolution
		HideSolutionNode = FALSE
	EndGlobalSection
	GlobalSection(ExtensibilityGlobals) = postSolution
		SolutionGuid = {2EF1B008-BDEE-4667-B57E-90806448F01A}
	EndGlobalSection
EndGlobal
